
Microsoft Visual Studio Solution File, Format Version 12.00
# Visual Studio 15
VisualStudioVersion = 15.0.28307.1300
MinimumVisualStudioVersion = 10.0.40219.1
Project("{FAE04EC0-301F-11D3-BF4B-00C04F79EFBC}") = "Main", "Main\Main.csproj", "{296524A4-A21E-45B8-8A5D-0BA6F5ECAFF0}"
EndProject
Project("{FAE04EC0-301F-11D3-BF4B-00C04F79EFBC}") = "ModuleA", "ModuleAModule\ModuleA.csproj", "{85FBEA66-68FB-4CC7-A3C6-FB492C4F2616}"
EndProject
Project("{FAE04EC0-301F-11D3-BF4B-00C04F79EFBC}") = "LGQ.Tools.Share", "LGQ.Tools.Share\LGQ.Tools.Share.csproj", "{3C60FEEF-7947-4B72-B63E-1938B96EC566}"
EndProject
Project("{2150E333-8FDC-42A3-9474-1A3956D46DE8}") = "Modules", "Modules", "{6052ECA5-FF50-4DFC-AC8C-4CDFC19C2317}"
EndProject
Project("{FAE04EC0-301F-11D3-BF4B-00C04F79EFBC}") = "PersonModule", "PersonModule\PersonModule.csproj", "{B464CF1D-AA4E-403F-8543-E5094F2626D6}"
EndProject
Global
	GlobalSection(SolutionConfigurationPlatforms) = preSolution
		Debug|Any CPU = Debug|Any CPU
		Release|Any CPU = Release|Any CPU
	EndGlobalSection
	GlobalSection(ProjectConfigurationPlatforms) = postSolution
		{296524A4-A21E-45B8-8A5D-0BA6F5ECAFF0}.Debug|Any CPU.ActiveCfg = Debug|Any CPU
		{296524A4-A21E-45B8-8A5D-0BA6F5ECAFF0}.Debug|Any CPU.Build.0 = Debug|Any CPU
		{296524A4-A21E-45B8-8A5D-0BA6F5ECAFF0}.Release|Any CPU.ActiveCfg = Release|Any CPU
		{296524A4-A21E-45B8-8A5D-0BA6F5ECAFF0}.Release|Any CPU.Build.0 = Release|Any CPU
		{85FBEA66-68FB-4CC7-A3C6-FB492C4F2616}.Debug|Any CPU.ActiveCfg = Debug|Any CPU
		{85FBEA66-68FB-4CC7-A3C6-FB492C4F2616}.Debug|Any CPU.Build.0 = Debug|Any CPU
		{85FBEA66-68FB-4CC7-A3C6-FB492C4F2616}.Release|Any CPU.ActiveCfg = Release|Any CPU
		{85FBEA66-68FB-4CC7-A3C6-FB492C4F2616}.Release|Any CPU.Build.0 = Release|Any CPU
		{3C60FEEF-7947-4B72-B63E-1938B96EC566}.Debug|Any CPU.ActiveCfg = Debug|Any CPU
		{3C60FEEF-7947-4B72-B63E-1938B96EC566}.Debug|Any CPU.Build.0 = Debug|Any CPU
		{3C60FEEF-7947-4B72-B63E-1938B96EC566}.Release|Any CPU.ActiveCfg = Release|Any CPU
		{3C60FEEF-7947-4B72-B63E-1938B96EC566}.Release|Any CPU.Build.0 = Release|Any CPU
		{B464CF1D-AA4E-403F-8543-E5094F2626D6}.Debug|Any CPU.ActiveCfg = Debug|Any CPU
		{B464CF1D-AA4E-403F-8543-E5094F2626D6}.Debug|Any CPU.Build.0 = Debug|Any CPU
		{B464CF1D-AA4E-403F-8543-E5094F2626D6}.Release|Any CPU.ActiveCfg = Release|Any CPU
		{B464CF1D-AA4E-403F-8543-E5094F2626D6}.Release|Any CPU.Build.0 = Release|Any CPU
	EndGlobalSection
	GlobalSection(SolutionProperties) = preSolution
		HideSolutionNode = FALSE
	EndGlobalSection
	GlobalSection(NestedProjects) = preSolution
		{85FBEA66-68FB-4CC7-A3C6-FB492C4F2616} = {6052ECA5-FF50-4DFC-AC8C-4CDFC19C2317}
		{B464CF1D-AA4E-403F-8543-E5094F2626D6} = {6052ECA5-FF50-4DFC-AC8C-4CDFC19C2317}
	EndGlobalSection
	GlobalSection(ExtensibilityGlobals) = postSolution
		SolutionGuid = {6261893F-CE79-46B9-814B-B28474EC51E0}
	EndGlobalSection
EndGlobal
